{
  "name": "lumera/lumera-frontiers",
  "version": "1.0.0",
  "lockfileVersion": 3,
  "requires": true,
  "packages": {
    "": {
      "name": "lumera/lumera-frontiers",
      "version": "1.0.0",
      "hasInstallScript": true,
      "devDependencies": {
        "tinymce": "^7.2.0"
      }
    },
    "node_modules/tinymce": {
      "version": "7.9.3",
      "resolved": "https://registry.npmjs.org/tinymce/-/tinymce-7.9.3.tgz",
      "integrity": "sha512-Mtm54U5YJ6Pyo/GaAx+JSHXTGEuxrg2AowVWCD9zy1eBolp5Ub7S1rTtsyQdxhPegfhLuR3VLiTKGw1tacv09g==",
      "dev": true,
      "license": "GPL-2.0-or-later"
    }
  }
}
